
Microsoft Visual Studio Solution File, Format Version 12.00
# Visual Studio 2012
Project("{FAE04EC0-301F-11D3-BF4B-00C04F79EFBC}") = "DDDSample.Engine", "DDDSample.Engine\DDDSample.Engine.csproj", "{FD830973-E5AE-494D-BAF9-C6446351466C}"
EndProject
Project("{FAE04EC0-301F-11D3-BF4B-00C04F79EFBC}") = "DDDSample.Wires", "DDDSample.Wires\DDDSample.Wires.csproj", "{CB05E65D-4657-470D-BC0F-888425D88785}"
EndProject
Project("{FAE04EC0-301F-11D3-BF4B-00C04F79EFBC}") = "DDDSample.Contracts", "DDDSample.Contracts\DDDSample.Contracts.csproj", "{05F71D09-DF1C-4480-9FEC-E29B542BBBDE}"
EndProject
Project("{FAE04EC0-301F-11D3-BF4B-00C04F79EFBC}") = "DDDSample.Domain", "DDDSample.Domain\DDDSample.Domain.csproj", "{AF2E64DA-7DAC-4A7F-B660-928A29162C13}"
EndProject
Project("{FAE04EC0-301F-11D3-BF4B-00C04F79EFBC}") = "DDDSample.Core", "DDDSample.Core\DDDSample.Core.csproj", "{90E46785-9BE3-47DE-BFFD-D83D74EBB0B2}"
EndProject
Project("{FAE04EC0-301F-11D3-BF4B-00C04F79EFBC}") = "DDDSample.EndPoint.Query", "DDDSample.EndPoint.Query\DDDSample.EndPoint.Query.csproj", "{60398789-BFF5-41A1-B9D0-DE9F6813772B}"
EndProject
Global
	GlobalSection(SolutionConfigurationPlatforms) = preSolution
		Debug|Any CPU = Debug|Any CPU
		Debug|Mixed Platforms = Debug|Mixed Platforms
		Debug|x86 = Debug|x86
		Release|Any CPU = Release|Any CPU
		Release|Mixed Platforms = Release|Mixed Platforms
		Release|x86 = Release|x86
	EndGlobalSection
	GlobalSection(ProjectConfigurationPlatforms) = postSolution
		{FD830973-E5AE-494D-BAF9-C6446351466C}.Debug|Any CPU.ActiveCfg = Debug|x86
		{FD830973-E5AE-494D-BAF9-C6446351466C}.Debug|Mixed Platforms.ActiveCfg = Debug|x86
		{FD830973-E5AE-494D-BAF9-C6446351466C}.Debug|Mixed Platforms.Build.0 = Debug|x86
		{FD830973-E5AE-494D-BAF9-C6446351466C}.Debug|x86.ActiveCfg = Debug|x86
		{FD830973-E5AE-494D-BAF9-C6446351466C}.Debug|x86.Build.0 = Debug|x86
		{FD830973-E5AE-494D-BAF9-C6446351466C}.Release|Any CPU.ActiveCfg = Release|x86
		{FD830973-E5AE-494D-BAF9-C6446351466C}.Release|Mixed Platforms.ActiveCfg = Release|x86
		{FD830973-E5AE-494D-BAF9-C6446351466C}.Release|Mixed Platforms.Build.0 = Release|x86
		{FD830973-E5AE-494D-BAF9-C6446351466C}.Release|x86.ActiveCfg = Release|x86
		{FD830973-E5AE-494D-BAF9-C6446351466C}.Release|x86.Build.0 = Release|x86
		{CB05E65D-4657-470D-BC0F-888425D88785}.Debug|Any CPU.ActiveCfg = Debug|Any CPU
		{CB05E65D-4657-470D-BC0F-888425D88785}.Debug|Any CPU.Build.0 = Debug|Any CPU
		{CB05E65D-4657-470D-BC0F-888425D88785}.Debug|Mixed Platforms.ActiveCfg = Debug|Any CPU
		{CB05E65D-4657-470D-BC0F-888425D88785}.Debug|Mixed Platforms.Build.0 = Debug|Any CPU
		{CB05E65D-4657-470D-BC0F-888425D88785}.Debug|x86.ActiveCfg = Debug|Any CPU
		{CB05E65D-4657-470D-BC0F-888425D88785}.Release|Any CPU.ActiveCfg = Release|Any CPU
		{CB05E65D-4657-470D-BC0F-888425D88785}.Release|Any CPU.Build.0 = Release|Any CPU
		{CB05E65D-4657-470D-BC0F-888425D88785}.Release|Mixed Platforms.ActiveCfg = Release|Any CPU
		{CB05E65D-4657-470D-BC0F-888425D88785}.Release|Mixed Platforms.Build.0 = Release|Any CPU
		{CB05E65D-4657-470D-BC0F-888425D88785}.Release|x86.ActiveCfg = Release|Any CPU
		{05F71D09-DF1C-4480-9FEC-E29B542BBBDE}.Debug|Any CPU.ActiveCfg = Debug|Any CPU
		{05F71D09-DF1C-4480-9FEC-E29B542BBBDE}.Debug|Any CPU.Build.0 = Debug|Any CPU
		{05F71D09-DF1C-4480-9FEC-E29B542BBBDE}.Debug|Mixed Platforms.ActiveCfg = Debug|Any CPU
		{05F71D09-DF1C-4480-9FEC-E29B542BBBDE}.Debug|Mixed Platforms.Build.0 = Debug|Any CPU
		{05F71D09-DF1C-4480-9FEC-E29B542BBBDE}.Debug|x86.ActiveCfg = Debug|Any CPU
		{05F71D09-DF1C-4480-9FEC-E29B542BBBDE}.Release|Any CPU.ActiveCfg = Release|Any CPU
		{05F71D09-DF1C-4480-9FEC-E29B542BBBDE}.Release|Any CPU.Build.0 = Release|Any CPU
		{05F71D09-DF1C-4480-9FEC-E29B542BBBDE}.Release|Mixed Platforms.ActiveCfg = Release|Any CPU
		{05F71D09-DF1C-4480-9FEC-E29B542BBBDE}.Release|Mixed Platforms.Build.0 = Release|Any CPU
		{05F71D09-DF1C-4480-9FEC-E29B542BBBDE}.Release|x86.ActiveCfg = Release|Any CPU
		{AF2E64DA-7DAC-4A7F-B660-928A29162C13}.Debug|Any CPU.ActiveCfg = Debug|Any CPU
		{AF2E64DA-7DAC-4A7F-B660-928A29162C13}.Debug|Any CPU.Build.0 = Debug|Any CPU
		{AF2E64DA-7DAC-4A7F-B660-928A29162C13}.Debug|Mixed Platforms.ActiveCfg = Debug|Any CPU
		{AF2E64DA-7DAC-4A7F-B660-928A29162C13}.Debug|Mixed Platforms.Build.0 = Debug|Any CPU
		{AF2E64DA-7DAC-4A7F-B660-928A29162C13}.Debug|x86.ActiveCfg = Debug|Any CPU
		{AF2E64DA-7DAC-4A7F-B660-928A29162C13}.Release|Any CPU.ActiveCfg = Release|Any CPU
		{AF2E64DA-7DAC-4A7F-B660-928A29162C13}.Release|Any CPU.Build.0 = Release|Any CPU
		{AF2E64DA-7DAC-4A7F-B660-928A29162C13}.Release|Mixed Platforms.ActiveCfg = Release|Any CPU
		{AF2E64DA-7DAC-4A7F-B660-928A29162C13}.Release|Mixed Platforms.Build.0 = Release|Any CPU
		{AF2E64DA-7DAC-4A7F-B660-928A29162C13}.Release|x86.ActiveCfg = Release|Any CPU
		{90E46785-9BE3-47DE-BFFD-D83D74EBB0B2}.Debug|Any CPU.ActiveCfg = Debug|Any CPU
		{90E46785-9BE3-47DE-BFFD-D83D74EBB0B2}.Debug|Any CPU.Build.0 = Debug|Any CPU
		{90E46785-9BE3-47DE-BFFD-D83D74EBB0B2}.Debug|Mixed Platforms.ActiveCfg = Debug|Any CPU
		{90E46785-9BE3-47DE-BFFD-D83D74EBB0B2}.Debug|Mixed Platforms.Build.0 = Debug|Any CPU
		{90E46785-9BE3-47DE-BFFD-D83D74EBB0B2}.Debug|x86.ActiveCfg = Debug|Any CPU
		{90E46785-9BE3-47DE-BFFD-D83D74EBB0B2}.Release|Any CPU.ActiveCfg = Release|Any CPU
		{90E46785-9BE3-47DE-BFFD-D83D74EBB0B2}.Release|Any CPU.Build.0 = Release|Any CPU
		{90E46785-9BE3-47DE-BFFD-D83D74EBB0B2}.Release|Mixed Platforms.ActiveCfg = Release|Any CPU
		{90E46785-9BE3-47DE-BFFD-D83D74EBB0B2}.Release|Mixed Platforms.Build.0 = Release|Any CPU
		{90E46785-9BE3-47DE-BFFD-D83D74EBB0B2}.Release|x86.ActiveCfg = Release|Any CPU
		{60398789-BFF5-41A1-B9D0-DE9F6813772B}.Debug|Any CPU.ActiveCfg = Debug|Any CPU
		{60398789-BFF5-41A1-B9D0-DE9F6813772B}.Debug|Any CPU.Build.0 = Debug|Any CPU
		{60398789-BFF5-41A1-B9D0-DE9F6813772B}.Debug|Mixed Platforms.ActiveCfg = Debug|Any CPU
		{60398789-BFF5-41A1-B9D0-DE9F6813772B}.Debug|Mixed Platforms.Build.0 = Debug|Any CPU
		{60398789-BFF5-41A1-B9D0-DE9F6813772B}.Debug|x86.ActiveCfg = Debug|Any CPU
		{60398789-BFF5-41A1-B9D0-DE9F6813772B}.Release|Any CPU.ActiveCfg = Release|Any CPU
		{60398789-BFF5-41A1-B9D0-DE9F6813772B}.Release|Any CPU.Build.0 = Release|Any CPU
		{60398789-BFF5-41A1-B9D0-DE9F6813772B}.Release|Mixed Platforms.ActiveCfg = Release|Any CPU
		{60398789-BFF5-41A1-B9D0-DE9F6813772B}.Release|Mixed Platforms.Build.0 = Release|Any CPU
		{60398789-BFF5-41A1-B9D0-DE9F6813772B}.Release|x86.ActiveCfg = Release|Any CPU
	EndGlobalSection
	GlobalSection(SolutionProperties) = preSolution
		HideSolutionNode = FALSE
	EndGlobalSection
EndGlobal
